// !$*UTF8*$!
{
	archiveVersion = 1;
	classes = {
	};
	objectVersion = 56;
	objects = {

/* Begin PBXBuildFile section */
		6F0926B42926383B005B8931 /* NewsAppApp.swift in Sources */ = {isa = PBXBuildFile; fileRef = 6F0926B32926383B005B8931 /* NewsAppApp.swift */; };
		6F0926B62926383B005B8931 /* ContentView.swift in Sources */ = {isa = PBXBuildFile; fileRef = 6F0926B52926383B005B8931 /* ContentView.swift */; };
		6F0926B82926383C005B8931 /* Assets.xcassets in Resources */ = {isa = PBXBuildFile; fileRef = 6F0926B72926383C005B8931 /* Assets.xcassets */; };
		6F0926BB2926383C005B8931 /* Preview Assets.xcassets in Resources */ = {isa = PBXBuildFile; fileRef = 6F0926BA2926383C005B8931 /* Preview Assets.xcassets */; };
		6F0926C52926383C005B8931 /* NewsAppTests.swift in Sources */ = {isa = PBXBuildFile; fileRef = 6F0926C42926383C005B8931 /* NewsAppTests.swift */; };
		6F0926CF2926383C005B8931 /* NewsAppUITests.swift in Sources */ = {isa = PBXBuildFile; fileRef = 6F0926CE2926383C005B8931 /* NewsAppUITests.swift */; };
		6F0926D12926383C005B8931 /* NewsAppUITestsLaunchTests.swift in Sources */ = {isa = PBXBuildFile; fileRef = 6F0926D02926383C005B8931 /* NewsAppUITestsLaunchTests.swift */; };
		6F0926DE29264266005B8931 /* NewsCard.swift in Sources */ = {isa = PBXBuildFile; fileRef = 6F0926DD29264266005B8931 /* NewsCard.swift */; };
		6F0926E0292642D7005B8931 /* DetailView.swift in Sources */ = {isa = PBXBuildFile; fileRef = 6F0926DF292642D7005B8931 /* DetailView.swift */; };
		6F0926E229265079005B8931 /* NetworkManager.swift in Sources */ = {isa = PBXBuildFile; fileRef = 6F0926E129265079005B8931 /* NetworkManager.swift */; };
		6F0926E42926509C005B8931 /* DataStore.swift in Sources */ = {isa = PBXBuildFile; fileRef = 6F0926E32926509C005B8931 /* DataStore.swift */; };
		6F0926E6292650BA005B8931 /* Model.swift in Sources */ = {isa = PBXBuildFile; fileRef = 6F0926E5292650BA005B8931 /* Model.swift */; };
		6F0926EF2929B1EB005B8931 /* StickyHeaderScrollView.swift in Sources */ = {isa = PBXBuildFile; fileRef = 6F0926EE2929B1EB005B8931 /* StickyHeaderScrollView.swift */; };
		6F0926F1292A404D005B8931 /* AsyncImageView.swift in Sources */ = {isa = PBXBuildFile; fileRef = 6F0926F0292A404D005B8931 /* AsyncImageView.swift */; };
		6F0926F3292A4E9D005B8931 /* ImageLoader.swift in Sources */ = {isa = PBXBuildFile; fileRef = 6F0926F2292A4E9D005B8931 /* ImageLoader.swift */; };
		6F0926F5292A9DCA005B8931 /* ImageCache.swift in Sources */ = {isa = PBXBuildFile; fileRef = 6F0926F4292A9DCA005B8931 /* ImageCache.swift */; };
		6F0926F8292AA501005B8931 /* ImagesStorage.swift in Sources */ = {isa = PBXBuildFile; fileRef = 6F0926F7292AA501005B8931 /* ImagesStorage.swift */; };
/* End PBXBuildFile section */

/* Begin PBXContainerItemProxy section */
		6F0926C12926383C005B8931 /* PBXContainerItemProxy */ = {
			isa = PBXContainerItemProxy;
			containerPortal = 6F0926A82926383B005B8931 /* Project object */;
			proxyType = 1;
			remoteGlobalIDString = 6F0926AF2926383B005B8931;
			remoteInfo = NewsApp;
		};
		6F0926CB2926383C005B8931 /* PBXContainerItemProxy */ = {
			isa = PBXContainerItemProxy;
			containerPortal = 6F0926A82926383B005B8931 /* Project object */;
			proxyType = 1;
			remoteGlobalIDString = 6F0926AF2926383B005B8931;
			remoteInfo = NewsApp;
		};
/* End PBXContainerItemProxy section */

/* Begin PBXFileReference section */
		6F0926B02926383B005B8931 /* NewsApp.app */ = {isa = PBXFileReference; explicitFileType = wrapper.application; includeInIndex = 0; path = NewsApp.app; sourceTree = BUILT_PRODUCTS_DIR; };
		6F0926B32926383B005B8931 /* NewsAppApp.swift */ = {isa = PBXFileReference; lastKnownFileType = sourcecode.swift; path = NewsAppApp.swift; sourceTree = "<group>"; };
		6F0926B52926383B005B8931 /* ContentView.swift */ = {isa = PBXFileReference; lastKnownFileType = sourcecode.swift; path = ContentView.swift; sourceTree = "<group>"; };
		6F0926B72926383C005B8931 /* Assets.xcassets */ = {isa = PBXFileReference; lastKnownFileType = folder.assetcatalog; path = Assets.xcassets; sourceTree = "<group>"; };
		6F0926BA2926383C005B8931 /* Preview Assets.xcassets */ = {isa = PBXFileReference; lastKnownFileType = folder.assetcatalog; path = "Preview Assets.xcassets"; sourceTree = "<group>"; };
		6F0926C02926383C005B8931 /* NewsAppTests.xctest */ = {isa = PBXFileReference; explicitFileType = wrapper.cfbundle; includeInIndex = 0; path = NewsAppTests.xctest; sourceTree = BUILT_PRODUCTS_DIR; };
		6F0926C42926383C005B8931 /* NewsAppTests.swift */ = {isa = PBXFileReference; lastKnownFileType = sourcecode.swift; path = NewsAppTests.swift; sourceTree = "<group>"; };
		6F0926CA2926383C005B8931 /* NewsAppUITests.xctest */ = {isa = PBXFileReference; explicitFileType = wrapper.cfbundle; includeInIndex = 0; path = NewsAppUITests.xctest; sourceTree = BUILT_PRODUCTS_DIR; };
		6F0926CE2926383C005B8931 /* NewsAppUITests.swift */ = {isa = PBXFileReference; lastKnownFileType = sourcecode.swift; path = NewsAppUITests.swift; sourceTree = "<group>"; };
		6F0926D02926383C005B8931 /* NewsAppUITestsLaunchTests.swift */ = {isa = PBXFileReference; lastKnownFileType = sourcecode.swift; path = NewsAppUITestsLaunchTests.swift; sourceTree = "<group>"; };
		6F0926DD29264266005B8931 /* NewsCard.swift */ = {isa = PBXFileReference; lastKnownFileType = sourcecode.swift; path = NewsCard.swift; sourceTree = "<group>"; };
		6F0926DF292642D7005B8931 /* DetailView.swift */ = {isa = PBXFileReference; lastKnownFileType = sourcecode.swift; path = DetailView.swift; sourceTree = "<group>"; };
		6F0926E129265079005B8931 /* NetworkManager.swift */ = {isa = PBXFileReference; lastKnownFileType = sourcecode.swift; path = NetworkManager.swift; sourceTree = "<group>"; };
		6F0926E32926509C005B8931 /* DataStore.swift */ = {isa = PBXFileReference; lastKnownFileType = sourcecode.swift; path = DataStore.swift; sourceTree = "<group>"; };
		6F0926E5292650BA005B8931 /* Model.swift */ = {isa = PBXFileReference; lastKnownFileType = sourcecode.swift; path = Model.swift; sourceTree = "<group>"; };
		6F0926EE2929B1EB005B8931 /* StickyHeaderScrollView.swift */ = {isa = PBXFileReference; lastKnownFileType = sourcecode.swift; path = StickyHeaderScrollView.swift; sourceTree = "<group>"; };
		6F0926F0292A404D005B8931 /* AsyncImageView.swift */ = {isa = PBXFileReference; lastKnownFileType = sourcecode.swift; path = AsyncImageView.swift; sourceTree = "<group>"; };
		6F0926F2292A4E9D005B8931 /* ImageLoader.swift */ = {isa = PBXFileReference; lastKnownFileType = sourcecode.swift; path = ImageLoader.swift; sourceTree = "<group>"; };
		6F0926F4292A9DCA005B8931 /* ImageCache.swift */ = {isa = PBXFileReference; lastKnownFileType = sourcecode.swift; path = ImageCache.swift; sourceTree = "<group>"; };
		6F0926F7292AA501005B8931 /* ImagesStorage.swift */ = {isa = PBXFileReference; lastKnownFileType = sourcecode.swift; path = ImagesStorage.swift; sourceTree = "<group>"; };
/* End PBXFileReference section */

/* Begin PBXFrameworksBuildPhase section */
		6F0926AD2926383B005B8931 /* Frameworks */ = {
			isa = PBXFrameworksBuildPhase;
			buildActionMask = 2147483647;
			files = (
			);
			runOnlyForDeploymentPostprocessing = 0;
		};
		6F0926BD2926383C005B8931 /* Frameworks */ = {
			isa = PBXFrameworksBuildPhase;
			buildActionMask = 2147483647;
			files = (
			);
			runOnlyForDeploymentPostprocessing = 0;
		};
		6F0926C72926383C005B8931 /* Frameworks */ = {
			isa = PBXFrameworksBuildPhase;
			buildActionMask = 2147483647;
			files = (
			);
			runOnlyForDeploymentPostprocessing = 0;
		};
/* End PBXFrameworksBuildPhase section */

/* Begin PBXGroup section */
		6F0926A72926383B005B8931 = {
			isa = PBXGroup;
			children = (
				6F0926B22926383B005B8931 /* NewsApp */,
				6F0926C32926383C005B8931 /* NewsAppTests */,
				6F0926CD2926383C005B8931 /* NewsAppUITests */,
				6F0926B12926383B005B8931 /* Products */,
			);
			sourceTree = "<group>";
		};
		6F0926B12926383B005B8931 /* Products */ = {
			isa = PBXGroup;
			children = (
				6F0926B02926383B005B8931 /* NewsApp.app */,
				6F0926C02926383C005B8931 /* NewsAppTests.xctest */,
				6F0926CA2926383C005B8931 /* NewsAppUITests.xctest */,
			);
			name = Products;
			sourceTree = "<group>";
		};
		6F0926B22926383B005B8931 /* NewsApp */ = {
			isa = PBXGroup;
			children = (
				6F0926B32926383B005B8931 /* NewsAppApp.swift */,
				6F0926F6292AA4BC005B8931 /* Networking */,
				6F0926E7292650BD005B8931 /* Model */,
				6F0926E9292650EB005B8931 /* ViewModel */,
				6F0926E8292650CB005B8931 /* Views */,
				6F0926B72926383C005B8931 /* Assets.xcassets */,
				6F0926B92926383C005B8931 /* Preview Content */,
			);
			path = NewsApp;
			sourceTree = "<group>";
		};
		6F0926B92926383C005B8931 /* Preview Content */ = {
			isa = PBXGroup;
			children = (
				6F0926BA2926383C005B8931 /* Preview Assets.xcassets */,
			);
			path = "Preview Content";
			sourceTree = "<group>";
		};
		6F0926C32926383C005B8931 /* NewsAppTests */ = {
			isa = PBXGroup;
			children = (
				6F0926C42926383C005B8931 /* NewsAppTests.swift */,
			);
			path = NewsAppTests;
			sourceTree = "<group>";
		};
		6F0926CD2926383C005B8931 /* NewsAppUITests */ = {
			isa = PBXGroup;
			children = (
				6F0926CE2926383C005B8931 /* NewsAppUITests.swift */,
				6F0926D02926383C005B8931 /* NewsAppUITestsLaunchTests.swift */,
			);
			path = NewsAppUITests;
			sourceTree = "<group>";
		};
		6F0926E7292650BD005B8931 /* Model */ = {
			isa = PBXGroup;
			children = (
				6F0926E5292650BA005B8931 /* Model.swift */,
			);
			path = Model;
			sourceTree = "<group>";
		};
		6F0926E8292650CB005B8931 /* Views */ = {
			isa = PBXGroup;
			children = (
				6F0926ED2929B1C7005B8931 /* Components */,
				6F0926B52926383B005B8931 /* ContentView.swift */,
				6F0926DF292642D7005B8931 /* DetailView.swift */,
				6F0926DD29264266005B8931 /* NewsCard.swift */,
			);
			path = Views;
			sourceTree = "<group>";
		};
		6F0926E9292650EB005B8931 /* ViewModel */ = {
			isa = PBXGroup;
			children = (
				6F0926E32926509C005B8931 /* DataStore.swift */,
			);
			path = ViewModel;
			sourceTree = "<group>";
		};
		6F0926ED2929B1C7005B8931 /* Components */ = {
			isa = PBXGroup;
			children = (
				6F0926F0292A404D005B8931 /* AsyncImageView.swift */,
				6F0926EE2929B1EB005B8931 /* StickyHeaderScrollView.swift */,
			);
			path = Components;
			sourceTree = "<group>";
		};
		6F0926F6292AA4BC005B8931 /* Networking */ = {
			isa = PBXGroup;
			children = (
				6F0926E129265079005B8931 /* NetworkManager.swift */,
				6F0926F7292AA501005B8931 /* ImagesStorage.swift */,
				6F0926F2292A4E9D005B8931 /* ImageLoader.swift */,
				6F0926F4292A9DCA005B8931 /* ImageCache.swift */,
			);
			path = Networking;
			sourceTree = "<group>";
		};
/* End PBXGroup section */

/* Begin PBXNativeTarget section */
		6F0926AF2926383B005B8931 /* NewsApp */ = {
			isa = PBXNativeTarget;
			buildConfigurationList = 6F0926D42926383C005B8931 /* Build configuration list for PBXNativeTarget "NewsApp" */;
			buildPhases = (
				6F0926AC2926383B005B8931 /* Sources */,
				6F0926AD2926383B005B8931 /* Frameworks */,
				6F0926AE2926383B005B8931 /* Resources */,
			);
			buildRules = (
			);
			dependencies = (
			);
			name = NewsApp;
			productName = NewsApp;
			productReference = 6F0926B02926383B005B8931 /* NewsApp.app */;
			productType = "com.apple.product-type.application";
		};
		6F0926BF2926383C005B8931 /* NewsAppTests */ = {
			isa = PBXNativeTarget;
			buildConfigurationList = 6F0926D72926383C005B8931 /* Build configuration list for PBXNativeTarget "NewsAppTests" */;
			buildPhases = (
				6F0926BC2926383C005B8931 /* Sources */,
				6F0926BD2926383C005B8931 /* Frameworks */,
				6F0926BE2926383C005B8931 /* Resources */,
			);
			buildRules = (
			);
			dependencies = (
				6F0926C22926383C005B8931 /* PBXTargetDependency */,
			);
			name = NewsAppTests;
			productName = NewsAppTests;
			productReference = 6F0926C02926383C005B8931 /* NewsAppTests.xctest */;
			productType = "com.apple.product-type.bundle.unit-test";
		};
		6F0926C92926383C005B8931 /* NewsAppUITests */ = {
			isa = PBXNativeTarget;
			buildConfigurationList = 6F0926DA2926383C005B8931 /* Build configuration list for PBXNativeTarget "NewsAppUITests" */;
			buildPhases = (
				6F0926C62926383C005B8931 /* Sources */,
				6F0926C72926383C005B8931 /* Frameworks */,
				6F0926C82926383C005B8931 /* Resources */,
			);
			buildRules = (
			);
			dependencies = (
				6F0926CC2926383C005B8931 /* PBXTargetDependency */,
			);
			name = NewsAppUITests;
			productName = NewsAppUITests;
			productReference = 6F0926CA2926383C005B8931 /* NewsAppUITests.xctest */;
			productType = "com.apple.product-type.bundle.ui-testing";
		};
/* End PBXNativeTarget section */

/* Begin PBXProject section */
		6F0926A82926383B005B8931 /* Project object */ = {
			isa = PBXProject;
			attributes = {
				BuildIndependentTargetsInParallel = 1;
				LastSwiftUpdateCheck = 1410;
				LastUpgradeCheck = 1410;
				TargetAttributes = {
					6F0926AF2926383B005B8931 = {
						CreatedOnToolsVersion = 14.1;
					};
					6F0926BF2926383C005B8931 = {
						CreatedOnToolsVersion = 14.1;
						TestTargetID = 6F0926AF2926383B005B8931;
					};
					6F0926C92926383C005B8931 = {
						CreatedOnToolsVersion = 14.1;
						TestTargetID = 6F0926AF2926383B005B8931;
					};
				};
			};
			buildConfigurationList = 6F0926AB2926383B005B8931 /* Build configuration list for PBXProject "NewsApp" */;
			compatibilityVersion = "Xcode 14.0";
			developmentRegion = en;
			hasScannedForEncodings = 0;
			knownRegions = (
				en,
				Base,
			);
			mainGroup = 6F0926A72926383B005B8931;
			productRefGroup = 6F0926B12926383B005B8931 /* Products */;
			projectDirPath = "";
			projectRoot = "";
			targets = (
				6F0926AF2926383B005B8931 /* NewsApp */,
				6F0926BF2926383C005B8931 /* NewsAppTests */,
				6F0926C92926383C005B8931 /* NewsAppUITests */,
			);
		};
/* End PBXProject section */

/* Begin PBXResourcesBuildPhase section */
		6F0926AE2926383B005B8931 /* Resources */ = {
			isa = PBXResourcesBuildPhase;
			buildActionMask = 2147483647;
			files = (
				6F0926BB2926383C005B8931 /* Preview Assets.xcassets in Resources */,
				6F0926B82926383C005B8931 /* Assets.xcassets in Resources */,
			);
			runOnlyForDeploymentPostprocessing = 0;
		};
		6F0926BE2926383C005B8931 /* Resources */ = {
			isa = PBXResourcesBuildPhase;
			buildActionMask = 2147483647;
			files = (
			);
			runOnlyForDeploymentPostprocessing = 0;
		};
		6F0926C82926383C005B8931 /* Resources */ = {
			isa = PBXResourcesBuildPhase;
			buildActionMask = 2147483647;
			files = (
			);
			runOnlyForDeploymentPostprocessing = 0;
		};
/* End PBXResourcesBuildPhase section */

/* Begin PBXSourcesBuildPhase section */
		6F0926AC2926383B005B8931 /* Sources */ = {
			isa = PBXSourcesBuildPhase;
			buildActionMask = 2147483647;
			files = (
				6F0926F5292A9DCA005B8931 /* ImageCache.swift in Sources */,
				6F0926E6292650BA005B8931 /* Model.swift in Sources */,
				6F0926DE29264266005B8931 /* NewsCard.swift in Sources */,
				6F0926F8292AA501005B8931 /* ImagesStorage.swift in Sources */,
				6F0926F3292A4E9D005B8931 /* ImageLoader.swift in Sources */,
				6F0926E42926509C005B8931 /* DataStore.swift in Sources */,
				6F0926E0292642D7005B8931 /* DetailView.swift in Sources */,
				6F0926EF2929B1EB005B8931 /* StickyHeaderScrollView.swift in Sources */,
				6F0926E229265079005B8931 /* NetworkManager.swift in Sources */,
				6F0926B62926383B005B8931 /* ContentView.swift in Sources */,
				6F0926F1292A404D005B8931 /* AsyncImageView.swift in Sources */,
				6F0926B42926383B005B8931 /* NewsAppApp.swift in Sources */,
			);
			runOnlyForDeploymentPostprocessing = 0;
		};
		6F0926BC2926383C005B8931 /* Sources */ = {
			isa = PBXSourcesBuildPhase;
			buildActionMask = 2147483647;
			files = (
				6F0926C52926383C005B8931 /* NewsAppTests.swift in Sources */,
			);
			runOnlyForDeploymentPostprocessing = 0;
		};
		6F0926C62926383C005B8931 /* Sources */ = {
			isa = PBXSourcesBuildPhase;
			buildActionMask = 2147483647;
			files = (
				6F0926CF2926383C005B8931 /* NewsAppUITests.swift in Sources */,
				6F0926D12926383C005B8931 /* NewsAppUITestsLaunchTests.swift in Sources */,
			);
			runOnlyForDeploymentPostprocessing = 0;
		};
/* End PBXSourcesBuildPhase section */

/* Begin PBXTargetDependency section */
		6F0926C22926383C005B8931 /* PBXTargetDependency */ = {
			isa = PBXTargetDependency;
			target = 6F0926AF2926383B005B8931 /* NewsApp */;
			targetProxy = 6F0926C12926383C005B8931 /* PBXContainerItemProxy */;
		};
		6F0926CC2926383C005B8931 /* PBXTargetDependency */ = {
			isa = PBXTargetDependency;
			target = 6F0926AF2926383B005B8931 /* NewsApp */;
			targetProxy = 6F0926CB2926383C005B8931 /* PBXContainerItemProxy */;
		};
/* End PBXTargetDependency section */

/* Begin XCBuildConfiguration section */
		6F0926D22926383C005B8931 /* Debug */ = {
			isa = XCBuildConfiguration;
			buildSettings = {
				ALWAYS_SEARCH_USER_PATHS = NO;
				CLANG_ANALYZER_NONNULL = YES;
				CLANG_ANALYZER_NUMBER_OBJECT_CONVERSION = YES_AGGRESSIVE;
				CLANG_CXX_LANGUAGE_STANDARD = "gnu++20";
				CLANG_ENABLE_MODULES = YES;
				CLANG_ENABLE_OBJC_ARC = YES;
				CLANG_ENABLE_OBJC_WEAK = YES;
				CLANG_WARN_BLOCK_CAPTURE_AUTORELEASING = YES;
				CLANG_WARN_BOOL_CONVERSION = YES;
				CLANG_WARN_COMMA = YES;
				CLANG_WARN_CONSTANT_CONVERSION = YES;
				CLANG_WARN_DEPRECATED_OBJC_IMPLEMENTATIONS = YES;
				CLANG_WARN_DIRECT_OBJC_ISA_USAGE = YES_ERROR;
				CLANG_WARN_DOCUMENTATION_COMMENTS = YES;
				CLANG_WARN_EMPTY_BODY = YES;
				CLANG_WARN_ENUM_CONVERSION = YES;
				CLANG_WARN_INFINITE_RECURSION = YES;
				CLANG_WARN_INT_CONVERSION = YES;
				CLANG_WARN_NON_LITERAL_NULL_CONVERSION = YES;
				CLANG_WARN_OBJC_IMPLICIT_RETAIN_SELF = YES;
				CLANG_WARN_OBJC_LITERAL_CONVERSION = YES;
				CLANG_WARN_OBJC_ROOT_CLASS = YES_ERROR;
				CLANG_WARN_QUOTED_INCLUDE_IN_FRAMEWORK_HEADER = YES;
				CLANG_WARN_RANGE_LOOP_ANALYSIS = YES;
				CLANG_WARN_STRICT_PROTOTYPES = YES;
				CLANG_WARN_SUSPICIOUS_MOVE = YES;
				CLANG_WARN_UNGUARDED_AVAILABILITY = YES_AGGRESSIVE;
				CLANG_WARN_UNREACHABLE_CODE = YES;
				CLANG_WARN__DUPLICATE_METHOD_MATCH = YES;
				COPY_PHASE_STRIP = NO;
				DEBUG_INFORMATION_FORMAT = dwarf;
				ENABLE_STRICT_OBJC_MSGSEND = YES;
				ENABLE_TESTABILITY = YES;
				GCC_C_LANGUAGE_STANDARD = gnu11;
				GCC_DYNAMIC_NO_PIC = NO;
				GCC_NO_COMMON_BLOCKS = YES;
				GCC_OPTIMIZATION_LEVEL = 0;
				GCC_PREPROCESSOR_DEFINITIONS = (
					"DEBUG=1",
					"$(inherited)",
				);
				GCC_WARN_64_TO_32_BIT_CONVERSION = YES;
				GCC_WARN_ABOUT_RETURN_TYPE = YES_ERROR;
				GCC_WARN_UNDECLARED_SELECTOR = YES;
				GCC_WARN_UNINITIALIZED_AUTOS = YES_AGGRESSIVE;
				GCC_WARN_UNUSED_FUNCTION = YES;
				GCC_WARN_UNUSED_VARIABLE = YES;
				IPHONEOS_DEPLOYMENT_TARGET = 16.1;
				MTL_ENABLE_DEBUG_INFO = INCLUDE_SOURCE;
				MTL_FAST_MATH = YES;
				ONLY_ACTIVE_ARCH = YES;
				SDKROOT = iphoneos;
				SWIFT_ACTIVE_COMPILATION_CONDITIONS = DEBUG;
				SWIFT_OPTIMIZATION_LEVEL = "-Onone";
			};
			name = Debug;
		};
		6F0926D32926383C005B8931 /* Release */ = {
			isa = XCBuildConfiguration;
			buildSettings = {
				ALWAYS_SEARCH_USER_PATHS = NO;
				CLANG_ANALYZER_NONNULL = YES;
				CLANG_ANALYZER_NUMBER_OBJECT_CONVERSION = YES_AGGRESSIVE;
				CLANG_CXX_LANGUAGE_STANDARD = "gnu++20";
				CLANG_ENABLE_MODULES = YES;
				CLANG_ENABLE_OBJC_ARC = YES;
				CLANG_ENABLE_OBJC_WEAK = YES;
				CLANG_WARN_BLOCK_CAPTURE_AUTORELEASING = YES;
				CLANG_WARN_BOOL_CONVERSION = YES;
				CLANG_WARN_COMMA = YES;
				CLANG_WARN_CONSTANT_CONVERSION = YES;
				CLANG_WARN_DEPRECATED_OBJC_IMPLEMENTATIONS = YES;
				CLANG_WARN_DIRECT_OBJC_ISA_USAGE = YES_ERROR;
				CLANG_WARN_DOCUMENTATION_COMMENTS = YES;
				CLANG_WARN_EMPTY_BODY = YES;
				CLANG_WARN_ENUM_CONVERSION = YES;
				CLANG_WARN_INFINITE_RECURSION = YES;
				CLANG_WARN_INT_CONVERSION = YES;
				CLANG_WARN_NON_LITERAL_NULL_CONVERSION = YES;
				CLANG_WARN_OBJC_IMPLICIT_RETAIN_SELF = YES;
				CLANG_WARN_OBJC_LITERAL_CONVERSION = YES;
				CLANG_WARN_OBJC_ROOT_CLASS = YES_ERROR;
				CLANG_WARN_QUOTED_INCLUDE_IN_FRAMEWORK_HEADER = YES;
				CLANG_WARN_RANGE_LOOP_ANALYSIS = YES;
				CLANG_WARN_STRICT_PROTOTYPES = YES;
				CLANG_WARN_SUSPICIOUS_MOVE = YES;
				CLANG_WARN_UNGUARDED_AVAILABILITY = YES_AGGRESSIVE;
				CLANG_WARN_UNREACHABLE_CODE = YES;
				CLANG_WARN__DUPLICATE_METHOD_MATCH = YES;
				COPY_PHASE_STRIP = NO;
				DEBUG_INFORMATION_FORMAT = "dwarf-with-dsym";
				ENABLE_NS_ASSERTIONS = NO;
				ENABLE_STRICT_OBJC_MSGSEND = YES;
				GCC_C_LANGUAGE_STANDARD = gnu11;
				GCC_NO_COMMON_BLOCKS = YES;
				GCC_WARN_64_TO_32_BIT_CONVERSION = YES;
				GCC_WARN_ABOUT_RETURN_TYPE = YES_ERROR;
				GCC_WARN_UNDECLARED_SELECTOR = YES;
				GCC_WARN_UNINITIALIZED_AUTOS = YES_AGGRESSIVE;
				GCC_WARN_UNUSED_FUNCTION = YES;
				GCC_WARN_UNUSED_VARIABLE = YES;
				IPHONEOS_DEPLOYMENT_TARGET = 16.1;
				MTL_ENABLE_DEBUG_INFO = NO;
				MTL_FAST_MATH = YES;
				SDKROOT = iphoneos;
				SWIFT_COMPILATION_MODE = wholemodule;
				SWIFT_OPTIMIZATION_LEVEL = "-O";
				VALIDATE_PRODUCT = YES;
			};
			name = Release;
		};
		6F0926D52926383C005B8931 /* Debug */ = {
			isa = XCBuildConfiguration;
			buildSettings = {
				ASSETCATALOG_COMPILER_APPICON_NAME = AppIcon;
				ASSETCATALOG_COMPILER_GLOBAL_ACCENT_COLOR_NAME = AccentColor;
				CODE_SIGN_STYLE = Automatic;
				CURRENT_PROJECT_VERSION = 1;
				DEVELOPMENT_ASSET_PATHS = "\"NewsApp/Preview Content\"";
				DEVELOPMENT_TEAM = 5T9Y5Q5TNK;
				ENABLE_PREVIEWS = YES;
				GENERATE_INFOPLIST_FILE = YES;
				INFOPLIST_KEY_UIApplicationSceneManifest_Generation = YES;
				INFOPLIST_KEY_UIApplicationSupportsIndirectInputEvents = YES;
				INFOPLIST_KEY_UILaunchScreen_Generation = YES;
				INFOPLIST_KEY_UISupportedInterfaceOrientations = UIInterfaceOrientationPortrait;
				INFOPLIST_KEY_UISupportedInterfaceOrientations_iPad = "UIInterfaceOrientationLandscapeLeft UIInterfaceOrientationLandscapeRight UIInterfaceOrientationPortrait UIInterfaceOrientationPortraitUpsideDown";
				IPHONEOS_DEPLOYMENT_TARGET = 14.0;
				LD_RUNPATH_SEARCH_PATHS = (
					"$(inherited)",
					"@executable_path/Frameworks",
				);
				MARKETING_VERSION = 1.0;
				PRODUCT_BUNDLE_IDENTIFIER = eu.leo.NewsApp;
				PRODUCT_NAME = "$(TARGET_NAME)";
				SWIFT_EMIT_LOC_STRINGS = YES;
				SWIFT_VERSION = 5.0;
				TARGETED_DEVICE_FAMILY = "1,2";
			};
			name = Debug;
		};
		6F0926D62926383C005B8931 /* Release */ = {
			isa = XCBuildConfiguration;
			buildSettings = {
				ASSETCATALOG_COMPILER_APPICON_NAME = AppIcon;
				ASSETCATALOG_COMPILER_GLOBAL_ACCENT_COLOR_NAME = AccentColor;
				CODE_SIGN_STYLE = Automatic;
				CURRENT_PROJECT_VERSION = 1;
				DEVELOPMENT_ASSET_PATHS = "\"NewsApp/Preview Content\"";
				DEVELOPMENT_TEAM = 5T9Y5Q5TNK;
				ENABLE_PREVIEWS = YES;
				GENERATE_INFOPLIST_FILE = YES;
				INFOPLIST_KEY_UIApplicationSceneManifest_Generation = YES;
				INFOPLIST_KEY_UIApplicationSupportsIndirectInputEvents = YES;
				INFOPLIST_KEY_UILaunchScreen_Generation = YES;
				INFOPLIST_KEY_UISupportedInterfaceOrientations = UIInterfaceOrientationPortrait;
				INFOPLIST_KEY_UISupportedInterfaceOrientations_iPad = "UIInterfaceOrientationLandscapeLeft UIInterfaceOrientationLandscapeRight UIInterfaceOrientationPortrait UIInterfaceOrientationPortraitUpsideDown";
				IPHONEOS_DEPLOYMENT_TARGET = 14.0;
				LD_RUNPATH_SEARCH_PATHS = (
					"$(inherited)",
					"@executable_path/Frameworks",
				);
				MARKETING_VERSION = 1.0;
				PRODUCT_BUNDLE_IDENTIFIER = eu.leo.NewsApp;
				PRODUCT_NAME = "$(TARGET_NAME)";
				SWIFT_EMIT_LOC_STRINGS = YES;
				SWIFT_VERSION = 5.0;
				TARGETED_DEVICE_FAMILY = "1,2";
			};
			name = Release;
		};
		6F0926D82926383C005B8931 /* Debug */ = {
			isa = XCBuildConfiguration;
			buildSettings = {
				ALWAYS_EMBED_SWIFT_STANDARD_LIBRARIES = YES;
				BUNDLE_LOADER = "$(TEST_HOST)";
				CODE_SIGN_STYLE = Automatic;
				CURRENT_PROJECT_VERSION = 1;
				DEVELOPMENT_TEAM = 5T9Y5Q5TNK;
				GENERATE_INFOPLIST_FILE = YES;
				IPHONEOS_DEPLOYMENT_TARGET = 16.1;
				MARKETING_VERSION = 1.0;
				PRODUCT_BUNDLE_IDENTIFIER = eu.leo.NewsAppTests;
				PRODUCT_NAME = "$(TARGET_NAME)";
				SWIFT_EMIT_LOC_STRINGS = NO;
				SWIFT_VERSION = 5.0;
				TARGETED_DEVICE_FAMILY = "1,2";
				TEST_HOST = "$(BUILT_PRODUCTS_DIR)/NewsApp.app/$(BUNDLE_EXECUTABLE_FOLDER_PATH)/NewsApp";
			};
			name = Debug;
		};
		6F0926D92926383C005B8931 /* Release */ = {
			isa = XCBuildConfiguration;
			buildSettings = {
				ALWAYS_EMBED_SWIFT_STANDARD_LIBRARIES = YES;
				BUNDLE_LOADER = "$(TEST_HOST)";
				CODE_SIGN_STYLE = Automatic;
				CURRENT_PROJECT_VERSION = 1;
				DEVELOPMENT_TEAM = 5T9Y5Q5TNK;
				GENERATE_INFOPLIST_FILE = YES;
				IPHONEOS_DEPLOYMENT_TARGET = 16.1;
				MARKETING_VERSION = 1.0;
				PRODUCT_BUNDLE_IDENTIFIER = eu.leo.NewsAppTests;
				PRODUCT_NAME = "$(TARGET_NAME)";
				SWIFT_EMIT_LOC_STRINGS = NO;
				SWIFT_VERSION = 5.0;
				TARGETED_DEVICE_FAMILY = "1,2";
				TEST_HOST = "$(BUILT_PRODUCTS_DIR)/NewsApp.app/$(BUNDLE_EXECUTABLE_FOLDER_PATH)/NewsApp";
			};
			name = Release;
		};
		6F0926DB2926383C005B8931 /* Debug */ = {
			isa = XCBuildConfiguration;
			buildSettings = {
				ALWAYS_EMBED_SWIFT_STANDARD_LIBRARIES = YES;
				CODE_SIGN_STYLE = Automatic;
				CURRENT_PROJECT_VERSION = 1;
				DEVELOPMENT_TEAM = 5T9Y5Q5TNK;
				GENERATE_INFOPLIST_FILE = YES;
				MARKETING_VERSION = 1.0;
				PRODUCT_BUNDLE_IDENTIFIER = eu.leo.NewsAppUITests;
				PRODUCT_NAME = "$(TARGET_NAME)";
				SWIFT_EMIT_LOC_STRINGS = NO;
				SWIFT_VERSION = 5.0;
				TARGETED_DEVICE_FAMILY = "1,2";
				TEST_TARGET_NAME = NewsApp;
			};
			name = Debug;
		};
		6F0926DC2926383C005B8931 /* Release */ = {
			isa = XCBuildConfiguration;
			buildSettings = {
				ALWAYS_EMBED_SWIFT_STANDARD_LIBRARIES = YES;
				CODE_SIGN_STYLE = Automatic;
				CURRENT_PROJECT_VERSION = 1;
				DEVELOPMENT_TEAM = 5T9Y5Q5TNK;
				GENERATE_INFOPLIST_FILE = YES;
				MARKETING_VERSION = 1.0;
				PRODUCT_BUNDLE_IDENTIFIER = eu.leo.NewsAppUITests;
				PRODUCT_NAME = "$(TARGET_NAME)";
				SWIFT_EMIT_LOC_STRINGS = NO;
				SWIFT_VERSION = 5.0;
				TARGETED_DEVICE_FAMILY = "1,2";
				TEST_TARGET_NAME = NewsApp;
			};
			name = Release;
		};
/* End XCBuildConfiguration section */

/* Begin XCConfigurationList section */
		6F0926AB2926383B005B8931 /* Build configuration list for PBXProject "NewsApp" */ = {
			isa = XCConfigurationList;
			buildConfigurations = (
				6F0926D22926383C005B8931 /* Debug */,
				6F0926D32926383C005B8931 /* Release */,
			);
			defaultConfigurationIsVisible = 0;
			defaultConfigurationName = Release;
		};
		6F0926D42926383C005B8931 /* Build configuration list for PBXNativeTarget "NewsApp" */ = {
			isa = XCConfigurationList;
			buildConfigurations = (
				6F0926D52926383C005B8931 /* Debug */,
				6F0926D62926383C005B8931 /* Release */,
			);
			defaultConfigurationIsVisible = 0;
			defaultConfigurationName = Release;
		};
		6F0926D72926383C005B8931 /* Build configuration list for PBXNativeTarget "NewsAppTests" */ = {
			isa = XCConfigurationList;
			buildConfigurations = (
				6F0926D82926383C005B8931 /* Debug */,
				6F0926D92926383C005B8931 /* Release */,
			);
			defaultConfigurationIsVisible = 0;
			defaultConfigurationName = Release;
		};
		6F0926DA2926383C005B8931 /* Build configuration list for PBXNativeTarget "NewsAppUITests" */ = {
			isa = XCConfigurationList;
			buildConfigurations = (
				6F0926DB2926383C005B8931 /* Debug */,
				6F0926DC2926383C005B8931 /* Release */,
			);
			defaultConfigurationIsVisible = 0;
			defaultConfigurationName = Release;
		};
/* End XCConfigurationList section */
	};
	rootObject = 6F0926A82926383B005B8931 /* Project object */;
}
